
Microsoft Visual Studio Solution File, Format Version 12.00
# Visual Studio Version 16
VisualStudioVersion = 16.0.31911.196
MinimumVisualStudioVersion = 10.0.40219.1
Project("{FAE04EC0-301F-11D3-BF4B-00C04F79EFBC}") = "codescan", "codescan.csproj", "{9499CB81-7673-4104-B748-249623886840}"
EndProject
Global
	GlobalSection(SolutionConfigurationPlatforms) = preSolution
		Debug|Any CPU = Debug|Any CPU
		Release|Any CPU = Release|Any CPU
	EndGlobalSection
	GlobalSection(ProjectConfigurationPlatforms) = postSolution
		{9499CB81-7673-4104-B748-249623886840}.Debug|Any CPU.ActiveCfg = Debug|Any CPU
		{9499CB81-7673-4104-B748-249623886840}.Debug|Any CPU.Build.0 = Debug|Any CPU
		{9499CB81-7673-4104-B748-249623886840}.Release|Any CPU.ActiveCfg = Release|Any CPU
		{9499CB81-7673-4104-B748-249623886840}.Release|Any CPU.Build.0 = Release|Any CPU
	EndGlobalSection
	GlobalSection(SolutionProperties) = preSolution
		HideSolutionNode = FALSE
	EndGlobalSection
	GlobalSection(ExtensibilityGlobals) = postSolution
		SolutionGuid = {4C12C416-E32D-43FC-AFB9-0F32B7D12FDF}
	EndGlobalSection
EndGlobal
